
Microsoft Visual Studio Solution File, Format Version 12.00
# Visual Studio Version 17
VisualStudioVersion = 17.0.31903.59
MinimumVisualStudioVersion = 10.0.40219.1
Project("{FAE04EC0-301F-11D3-BF4B-00C04F79EFBC}") = "EkranZamani.Core", "EkranZamani.Core\EkranZamani.Core.csproj", "{83F3B2DA-4D19-4C9E-9D8E-35C1C19C4836}"
EndProject
Project("{FAE04EC0-301F-11D3-BF4B-00C04F79EFBC}") = "EkranZamani.Tests", "EkranZamani.Tests\EkranZamani.Tests.csproj", "{D5EE6838-3879-434D-A47E-A15D73B13C42}"
EndProject
Project("{2150E333-8FDC-42A3-9474-1A3956D46DE8}") = "windows", "windows", "{AF50D07C-CBCD-524F-DB50-1B7C7AC32620}"
EndProject
Project("{FAE04EC0-301F-11D3-BF4B-00C04F79EFBC}") = "EkranZamani.WinUI", "windows\EkranZamani.WinUI\EkranZamani.WinUI.csproj", "{FD032B10-1882-47AA-956C-085E82C406F0}"
EndProject
Global
	GlobalSection(SolutionConfigurationPlatforms) = preSolution
		Debug|Any CPU = Debug|Any CPU
		Debug|x64 = Debug|x64
		Release|Any CPU = Release|Any CPU
		Release|x64 = Release|x64
	EndGlobalSection
	GlobalSection(ProjectConfigurationPlatforms) = postSolution
		{83F3B2DA-4D19-4C9E-9D8E-35C1C19C4836}.Debug|Any CPU.ActiveCfg = Debug|Any CPU
		{83F3B2DA-4D19-4C9E-9D8E-35C1C19C4836}.Debug|Any CPU.Build.0 = Debug|Any CPU
		{83F3B2DA-4D19-4C9E-9D8E-35C1C19C4836}.Debug|x64.ActiveCfg = Debug|Any CPU
		{83F3B2DA-4D19-4C9E-9D8E-35C1C19C4836}.Debug|x64.Build.0 = Debug|Any CPU
		{83F3B2DA-4D19-4C9E-9D8E-35C1C19C4836}.Release|Any CPU.ActiveCfg = Release|Any CPU
		{83F3B2DA-4D19-4C9E-9D8E-35C1C19C4836}.Release|Any CPU.Build.0 = Release|Any CPU
		{83F3B2DA-4D19-4C9E-9D8E-35C1C19C4836}.Release|x64.ActiveCfg = Release|Any CPU
		{83F3B2DA-4D19-4C9E-9D8E-35C1C19C4836}.Release|x64.Build.0 = Release|Any CPU
		{D5EE6838-3879-434D-A47E-A15D73B13C42}.Debug|Any CPU.ActiveCfg = Debug|Any CPU
		{D5EE6838-3879-434D-A47E-A15D73B13C42}.Debug|Any CPU.Build.0 = Debug|Any CPU
		{D5EE6838-3879-434D-A47E-A15D73B13C42}.Debug|x64.ActiveCfg = Debug|Any CPU
		{D5EE6838-3879-434D-A47E-A15D73B13C42}.Debug|x64.Build.0 = Debug|Any CPU
		{D5EE6838-3879-434D-A47E-A15D73B13C42}.Release|Any CPU.ActiveCfg = Release|Any CPU
		{D5EE6838-3879-434D-A47E-A15D73B13C42}.Release|Any CPU.Build.0 = Release|Any CPU
		{D5EE6838-3879-434D-A47E-A15D73B13C42}.Release|x64.ActiveCfg = Release|Any CPU
		{D5EE6838-3879-434D-A47E-A15D73B13C42}.Release|x64.Build.0 = Release|Any CPU
		{FD032B10-1882-47AA-956C-085E82C406F0}.Debug|Any CPU.ActiveCfg = Debug|x64
		{FD032B10-1882-47AA-956C-085E82C406F0}.Debug|Any CPU.Build.0 = Debug|x64
		{FD032B10-1882-47AA-956C-085E82C406F0}.Debug|x64.ActiveCfg = Debug|x64
		{FD032B10-1882-47AA-956C-085E82C406F0}.Debug|x64.Build.0 = Debug|x64
		{FD032B10-1882-47AA-956C-085E82C406F0}.Release|Any CPU.ActiveCfg = Release|x64
		{FD032B10-1882-47AA-956C-085E82C406F0}.Release|Any CPU.Build.0 = Release|x64
		{FD032B10-1882-47AA-956C-085E82C406F0}.Release|x64.ActiveCfg = Release|x64
		{FD032B10-1882-47AA-956C-085E82C406F0}.Release|x64.Build.0 = Release|x64
	EndGlobalSection
	GlobalSection(SolutionProperties) = preSolution
		HideSolutionNode = FALSE
	EndGlobalSection
	GlobalSection(NestedProjects) = preSolution
		{FD032B10-1882-47AA-956C-085E82C406F0} = {AF50D07C-CBCD-524F-DB50-1B7C7AC32620}
	EndGlobalSection
EndGlobal
